
Microsoft Visual Studio Solution File, Format Version 12.00
Project("{FAE04EC0-301F-11D3-BF4B-00C04F79EFBC}") = "hdNes", "hdNes\hdNes.csproj", "{1A4BDF62-3A3E-4906-9CC1-73906526A5E8}"
EndProject
Project("{FAE04EC0-301F-11D3-BF4B-00C04F79EFBC}") = "hdNes.Cpu.Test", "hdNes.Cpu.Test\hdNes.Cpu.Test.csproj", "{5559B2D2-96E8-4097-8B9B-1ADD4A10F25B}"
EndProject
Global
	GlobalSection(SolutionConfigurationPlatforms) = preSolution
		Debug|Any CPU = Debug|Any CPU
		Release|Any CPU = Release|Any CPU
	EndGlobalSection
	GlobalSection(ProjectConfigurationPlatforms) = postSolution
		{1A4BDF62-3A3E-4906-9CC1-73906526A5E8}.Debug|Any CPU.ActiveCfg = Debug|Any CPU
		{1A4BDF62-3A3E-4906-9CC1-73906526A5E8}.Debug|Any CPU.Build.0 = Debug|Any CPU
		{1A4BDF62-3A3E-4906-9CC1-73906526A5E8}.Release|Any CPU.ActiveCfg = Release|Any CPU
		{1A4BDF62-3A3E-4906-9CC1-73906526A5E8}.Release|Any CPU.Build.0 = Release|Any CPU
		{5559B2D2-96E8-4097-8B9B-1ADD4A10F25B}.Debug|Any CPU.ActiveCfg = Debug|Any CPU
		{5559B2D2-96E8-4097-8B9B-1ADD4A10F25B}.Debug|Any CPU.Build.0 = Debug|Any CPU
		{5559B2D2-96E8-4097-8B9B-1ADD4A10F25B}.Release|Any CPU.ActiveCfg = Release|Any CPU
		{5559B2D2-96E8-4097-8B9B-1ADD4A10F25B}.Release|Any CPU.Build.0 = Release|Any CPU
	EndGlobalSection
EndGlobal
